// !$*UTF8*$!
{
	archiveVersion = 1;
	classes = {
	};
	objectVersion = 56;
	objects = {

/* Begin PBXBuildFile section */
		1D42F1DA2B25F41C00E248DC /* HelloRustApp.swift in Sources */ = {isa = PBXBuildFile; fileRef = 1D42F1D92B25F41C00E248DC /* HelloRustApp.swift */; };
		1D42F1DC2B25F41C00E248DC /* ContentView.swift in Sources */ = {isa = PBXBuildFile; fileRef = 1D42F1DB2B25F41C00E248DC /* ContentView.swift */; };
		1D42F1DE2B25F41E00E248DC /* Assets.xcassets in Resources */ = {isa = PBXBuildFile; fileRef = 1D42F1DD2B25F41E00E248DC /* Assets.xcassets */; };
		1D42F1E12B25F41E00E248DC /* Preview Assets.xcassets in Resources */ = {isa = PBXBuildFile; fileRef = 1D42F1E02B25F41E00E248DC /* Preview Assets.xcassets */; };
		1D42F1EB2B25F61500E248DC /* hello_from_rust.c in Sources */ = {isa = PBXBuildFile; fileRef = 1D42F1EA2B25F61500E248DC /* hello_from_rust.c */; };
		1D42F1F12B25FAD000E248DC /* librs_xcode.a in Frameworks */ = {isa = PBXBuildFile; fileRef = 1D42F1F02B25FAD000E248DC /* librs_xcode.a */; };
		1D42F1F32B26F99C00E248DC /* WebView.swift in Sources */ = {isa = PBXBuildFile; fileRef = 1D42F1F22B26F99C00E248DC /* WebView.swift */; };
		1D42F1F52B26FB7200E248DC /* libmd_html.a in Frameworks */ = {isa = PBXBuildFile; fileRef = 1D42F1F42B26FB7200E248DC /* libmd_html.a */; };
		1D42F1F72B26FC7200E248DC /* Markdown.swift in Sources */ = {isa = PBXBuildFile; fileRef = 1D42F1F62B26FC7200E248DC /* Markdown.swift */; };
/* End PBXBuildFile section */

/* Begin PBXFileReference section */
		1D42F1D62B25F41C00E248DC /* HelloRust.app */ = {isa = PBXFileReference; explicitFileType = wrapper.application; includeInIndex = 0; path = HelloRust.app; sourceTree = BUILT_PRODUCTS_DIR; };
		1D42F1D92B25F41C00E248DC /* HelloRustApp.swift */ = {isa = PBXFileReference; lastKnownFileType = sourcecode.swift; path = HelloRustApp.swift; sourceTree = "<group>"; };
		1D42F1DB2B25F41C00E248DC /* ContentView.swift */ = {isa = PBXFileReference; lastKnownFileType = sourcecode.swift; path = ContentView.swift; sourceTree = "<group>"; };
		1D42F1DD2B25F41E00E248DC /* Assets.xcassets */ = {isa = PBXFileReference; lastKnownFileType = folder.assetcatalog; path = Assets.xcassets; sourceTree = "<group>"; };
		1D42F1E02B25F41E00E248DC /* Preview Assets.xcassets */ = {isa = PBXFileReference; lastKnownFileType = folder.assetcatalog; path = "Preview Assets.xcassets"; sourceTree = "<group>"; };
		1D42F1E82B25F61500E248DC /* HelloRust-Bridging-Header.h */ = {isa = PBXFileReference; lastKnownFileType = sourcecode.c.h; path = "HelloRust-Bridging-Header.h"; sourceTree = "<group>"; };
		1D42F1E92B25F61500E248DC /* hello_from_rust.h */ = {isa = PBXFileReference; lastKnownFileType = sourcecode.c.h; path = hello_from_rust.h; sourceTree = "<group>"; };
		1D42F1EA2B25F61500E248DC /* hello_from_rust.c */ = {isa = PBXFileReference; lastKnownFileType = sourcecode.c.c; path = hello_from_rust.c; sourceTree = "<group>"; };
		1D42F1F02B25FAD000E248DC /* librs_xcode.a */ = {isa = PBXFileReference; lastKnownFileType = archive.ar; name = librs_xcode.a; path = libs/librs_xcode.a; sourceTree = SOURCE_ROOT; };
		1D42F1F22B26F99C00E248DC /* WebView.swift */ = {isa = PBXFileReference; lastKnownFileType = sourcecode.swift; path = WebView.swift; sourceTree = "<group>"; };
		1D42F1F42B26FB7200E248DC /* libmd_html.a */ = {isa = PBXFileReference; lastKnownFileType = archive.ar; name = libmd_html.a; path = libs/libmd_html.a; sourceTree = SOURCE_ROOT; };
		1D42F1F62B26FC7200E248DC /* Markdown.swift */ = {isa = PBXFileReference; lastKnownFileType = sourcecode.swift; path = Markdown.swift; sourceTree = "<group>"; };
/* End PBXFileReference section */

/* Begin PBXFrameworksBuildPhase section */
		1D42F1D32B25F41C00E248DC /* Frameworks */ = {
			isa = PBXFrameworksBuildPhase;
			buildActionMask = 2147483647;
			files = (
				1D42F1F12B25FAD000E248DC /* librs_xcode.a in Frameworks */,
				1D42F1F52B26FB7200E248DC /* libmd_html.a in Frameworks */,
			);
			runOnlyForDeploymentPostprocessing = 0;
		};
/* End PBXFrameworksBuildPhase section */

/* Begin PBXGroup section */
		1D42F1CD2B25F41C00E248DC = {
			isa = PBXGroup;
			children = (
				1D42F1E72B25F5BF00E248DC /* HelloFromRust */,
				1D42F1D82B25F41C00E248DC /* HelloRust */,
				1D42F1D72B25F41C00E248DC /* Products */,
			);
			sourceTree = "<group>";
		};
		1D42F1D72B25F41C00E248DC /* Products */ = {
			isa = PBXGroup;
			children = (
				1D42F1D62B25F41C00E248DC /* HelloRust.app */,
			);
			name = Products;
			sourceTree = "<group>";
		};
		1D42F1D82B25F41C00E248DC /* HelloRust */ = {
			isa = PBXGroup;
			children = (
				1D42F1D92B25F41C00E248DC /* HelloRustApp.swift */,
				1D42F1DB2B25F41C00E248DC /* ContentView.swift */,
				1D42F1DD2B25F41E00E248DC /* Assets.xcassets */,
				1D42F1DF2B25F41E00E248DC /* Preview Content */,
				1D42F1F22B26F99C00E248DC /* WebView.swift */,
				1D42F1F62B26FC7200E248DC /* Markdown.swift */,
			);
			path = HelloRust;
			sourceTree = "<group>";
		};
		1D42F1DF2B25F41E00E248DC /* Preview Content */ = {
			isa = PBXGroup;
			children = (
				1D42F1E02B25F41E00E248DC /* Preview Assets.xcassets */,
			);
			path = "Preview Content";
			sourceTree = "<group>";
		};
		1D42F1E72B25F5BF00E248DC /* HelloFromRust */ = {
			isa = PBXGroup;
			children = (
				1D42F1F42B26FB7200E248DC /* libmd_html.a */,
				1D42F1F02B25FAD000E248DC /* librs_xcode.a */,
				1D42F1E92B25F61500E248DC /* hello_from_rust.h */,
				1D42F1EA2B25F61500E248DC /* hello_from_rust.c */,
				1D42F1E82B25F61500E248DC /* HelloRust-Bridging-Header.h */,
			);
			path = HelloFromRust;
			sourceTree = "<group>";
		};
/* End PBXGroup section */

/* Begin PBXNativeTarget section */
		1D42F1D52B25F41C00E248DC /* HelloRust */ = {
			isa = PBXNativeTarget;
			buildConfigurationList = 1D42F1E42B25F41E00E248DC /* Build configuration list for PBXNativeTarget "HelloRust" */;
			buildPhases = (
				1D42F1D22B25F41C00E248DC /* Sources */,
				1D42F1D32B25F41C00E248DC /* Frameworks */,
				1D42F1D42B25F41C00E248DC /* Resources */,
			);
			buildRules = (
			);
			dependencies = (
			);
			name = HelloRust;
			productName = HelloRust;
			productReference = 1D42F1D62B25F41C00E248DC /* HelloRust.app */;
			productType = "com.apple.product-type.application";
		};
/* End PBXNativeTarget section */

/* Begin PBXProject section */
		1D42F1CE2B25F41C00E248DC /* Project object */ = {
			isa = PBXProject;
			attributes = {
				BuildIndependentTargetsInParallel = 1;
				LastSwiftUpdateCheck = 1500;
				LastUpgradeCheck = 1500;
				TargetAttributes = {
					1D42F1D52B25F41C00E248DC = {
						CreatedOnToolsVersion = 15.0;
						LastSwiftMigration = 1500;
					};
				};
			};
			buildConfigurationList = 1D42F1D12B25F41C00E248DC /* Build configuration list for PBXProject "HelloRust" */;
			compatibilityVersion = "Xcode 14.0";
			developmentRegion = en;
			hasScannedForEncodings = 0;
			knownRegions = (
				en,
				Base,
			);
			mainGroup = 1D42F1CD2B25F41C00E248DC;
			productRefGroup = 1D42F1D72B25F41C00E248DC /* Products */;
			projectDirPath = "";
			projectRoot = "";
			targets = (
				1D42F1D52B25F41C00E248DC /* HelloRust */,
			);
		};
/* End PBXProject section */

/* Begin PBXResourcesBuildPhase section */
		1D42F1D42B25F41C00E248DC /* Resources */ = {
			isa = PBXResourcesBuildPhase;
			buildActionMask = 2147483647;
			files = (
				1D42F1E12B25F41E00E248DC /* Preview Assets.xcassets in Resources */,
				1D42F1DE2B25F41E00E248DC /* Assets.xcassets in Resources */,
			);
			runOnlyForDeploymentPostprocessing = 0;
		};
/* End PBXResourcesBuildPhase section */

/* Begin PBXSourcesBuildPhase section */
		1D42F1D22B25F41C00E248DC /* Sources */ = {
			isa = PBXSourcesBuildPhase;
			buildActionMask = 2147483647;
			files = (
				1D42F1EB2B25F61500E248DC /* hello_from_rust.c in Sources */,
				1D42F1F72B26FC7200E248DC /* Markdown.swift in Sources */,
				1D42F1F32B26F99C00E248DC /* WebView.swift in Sources */,
				1D42F1DC2B25F41C00E248DC /* ContentView.swift in Sources */,
				1D42F1DA2B25F41C00E248DC /* HelloRustApp.swift in Sources */,
			);
			runOnlyForDeploymentPostprocessing = 0;
		};
/* End PBXSourcesBuildPhase section */

/* Begin XCBuildConfiguration section */
		1D42F1E22B25F41E00E248DC /* Debug */ = {
			isa = XCBuildConfiguration;
			buildSettings = {
				ALWAYS_SEARCH_USER_PATHS = NO;
				ASSETCATALOG_COMPILER_GENERATE_SWIFT_ASSET_SYMBOL_EXTENSIONS = YES;
				CLANG_ANALYZER_NONNULL = YES;
				CLANG_ANALYZER_NUMBER_OBJECT_CONVERSION = YES_AGGRESSIVE;
				CLANG_CXX_LANGUAGE_STANDARD = "gnu++20";
				CLANG_ENABLE_MODULES = YES;
				CLANG_ENABLE_OBJC_ARC = YES;
				CLANG_ENABLE_OBJC_WEAK = YES;
				CLANG_WARN_BLOCK_CAPTURE_AUTORELEASING = YES;
				CLANG_WARN_BOOL_CONVERSION = YES;
				CLANG_WARN_COMMA = YES;
				CLANG_WARN_CONSTANT_CONVERSION = YES;
				CLANG_WARN_DEPRECATED_OBJC_IMPLEMENTATIONS = YES;
				CLANG_WARN_DIRECT_OBJC_ISA_USAGE = YES_ERROR;
				CLANG_WARN_DOCUMENTATION_COMMENTS = YES;
				CLANG_WARN_EMPTY_BODY = YES;
				CLANG_WARN_ENUM_CONVERSION = YES;
				CLANG_WARN_INFINITE_RECURSION = YES;
				CLANG_WARN_INT_CONVERSION = YES;
				CLANG_WARN_NON_LITERAL_NULL_CONVERSION = YES;
				CLANG_WARN_OBJC_IMPLICIT_RETAIN_SELF = YES;
				CLANG_WARN_OBJC_LITERAL_CONVERSION = YES;
				CLANG_WARN_OBJC_ROOT_CLASS = YES_ERROR;
				CLANG_WARN_QUOTED_INCLUDE_IN_FRAMEWORK_HEADER = YES;
				CLANG_WARN_RANGE_LOOP_ANALYSIS = YES;
				CLANG_WARN_STRICT_PROTOTYPES = YES;
				CLANG_WARN_SUSPICIOUS_MOVE = YES;
				CLANG_WARN_UNGUARDED_AVAILABILITY = YES_AGGRESSIVE;
				CLANG_WARN_UNREACHABLE_CODE = YES;
				CLANG_WARN__DUPLICATE_METHOD_MATCH = YES;
				COPY_PHASE_STRIP = NO;
				DEBUG_INFORMATION_FORMAT = dwarf;
				ENABLE_STRICT_OBJC_MSGSEND = YES;
				ENABLE_TESTABILITY = YES;
				ENABLE_USER_SCRIPT_SANDBOXING = YES;
				GCC_C_LANGUAGE_STANDARD = gnu17;
				GCC_DYNAMIC_NO_PIC = NO;
				GCC_NO_COMMON_BLOCKS = YES;
				GCC_OPTIMIZATION_LEVEL = 0;
				GCC_PREPROCESSOR_DEFINITIONS = (
					"DEBUG=1",
					"$(inherited)",
				);
				GCC_WARN_64_TO_32_BIT_CONVERSION = YES;
				GCC_WARN_ABOUT_RETURN_TYPE = YES_ERROR;
				GCC_WARN_UNDECLARED_SELECTOR = YES;
				GCC_WARN_UNINITIALIZED_AUTOS = YES_AGGRESSIVE;
				GCC_WARN_UNUSED_FUNCTION = YES;
				GCC_WARN_UNUSED_VARIABLE = YES;
				IPHONEOS_DEPLOYMENT_TARGET = 17.0;
				LOCALIZATION_PREFERS_STRING_CATALOGS = YES;
				MTL_ENABLE_DEBUG_INFO = INCLUDE_SOURCE;
				MTL_FAST_MATH = YES;
				ONLY_ACTIVE_ARCH = YES;
				SDKROOT = iphoneos;
				SWIFT_ACTIVE_COMPILATION_CONDITIONS = "DEBUG $(inherited)";
				SWIFT_OPTIMIZATION_LEVEL = "-Onone";
			};
			name = Debug;
		};
		1D42F1E32B25F41E00E248DC /* Release */ = {
			isa = XCBuildConfiguration;
			buildSettings = {
				ALWAYS_SEARCH_USER_PATHS = NO;
				ASSETCATALOG_COMPILER_GENERATE_SWIFT_ASSET_SYMBOL_EXTENSIONS = YES;
				CLANG_ANALYZER_NONNULL = YES;
				CLANG_ANALYZER_NUMBER_OBJECT_CONVERSION = YES_AGGRESSIVE;
				CLANG_CXX_LANGUAGE_STANDARD = "gnu++20";
				CLANG_ENABLE_MODULES = YES;
				CLANG_ENABLE_OBJC_ARC = YES;
				CLANG_ENABLE_OBJC_WEAK = YES;
				CLANG_WARN_BLOCK_CAPTURE_AUTORELEASING = YES;
				CLANG_WARN_BOOL_CONVERSION = YES;
				CLANG_WARN_COMMA = YES;
				CLANG_WARN_CONSTANT_CONVERSION = YES;
				CLANG_WARN_DEPRECATED_OBJC_IMPLEMENTATIONS = YES;
				CLANG_WARN_DIRECT_OBJC_ISA_USAGE = YES_ERROR;
				CLANG_WARN_DOCUMENTATION_COMMENTS = YES;
				CLANG_WARN_EMPTY_BODY = YES;
				CLANG_WARN_ENUM_CONVERSION = YES;
				CLANG_WARN_INFINITE_RECURSION = YES;
				CLANG_WARN_INT_CONVERSION = YES;
				CLANG_WARN_NON_LITERAL_NULL_CONVERSION = YES;
				CLANG_WARN_OBJC_IMPLICIT_RETAIN_SELF = YES;
				CLANG_WARN_OBJC_LITERAL_CONVERSION = YES;
				CLANG_WARN_OBJC_ROOT_CLASS = YES_ERROR;
				CLANG_WARN_QUOTED_INCLUDE_IN_FRAMEWORK_HEADER = YES;
				CLANG_WARN_RANGE_LOOP_ANALYSIS = YES;
				CLANG_WARN_STRICT_PROTOTYPES = YES;
				CLANG_WARN_SUSPICIOUS_MOVE = YES;
				CLANG_WARN_UNGUARDED_AVAILABILITY = YES_AGGRESSIVE;
				CLANG_WARN_UNREACHABLE_CODE = YES;
				CLANG_WARN__DUPLICATE_METHOD_MATCH = YES;
				COPY_PHASE_STRIP = NO;
				DEBUG_INFORMATION_FORMAT = "dwarf-with-dsym";
				ENABLE_NS_ASSERTIONS = NO;
				ENABLE_STRICT_OBJC_MSGSEND = YES;
				ENABLE_USER_SCRIPT_SANDBOXING = YES;
				GCC_C_LANGUAGE_STANDARD = gnu17;
				GCC_NO_COMMON_BLOCKS = YES;
				GCC_WARN_64_TO_32_BIT_CONVERSION = YES;
				GCC_WARN_ABOUT_RETURN_TYPE = YES_ERROR;
				GCC_WARN_UNDECLARED_SELECTOR = YES;
				GCC_WARN_UNINITIALIZED_AUTOS = YES_AGGRESSIVE;
				GCC_WARN_UNUSED_FUNCTION = YES;
				GCC_WARN_UNUSED_VARIABLE = YES;
				IPHONEOS_DEPLOYMENT_TARGET = 17.0;
				LOCALIZATION_PREFERS_STRING_CATALOGS = YES;
				MTL_ENABLE_DEBUG_INFO = NO;
				MTL_FAST_MATH = YES;
				SDKROOT = iphoneos;
				SWIFT_COMPILATION_MODE = wholemodule;
				VALIDATE_PRODUCT = YES;
			};
			name = Release;
		};
		1D42F1E52B25F41E00E248DC /* Debug */ = {
			isa = XCBuildConfiguration;
			buildSettings = {
				ASSETCATALOG_COMPILER_APPICON_NAME = AppIcon;
				ASSETCATALOG_COMPILER_GLOBAL_ACCENT_COLOR_NAME = AccentColor;
				CLANG_ENABLE_MODULES = YES;
				CODE_SIGN_STYLE = Automatic;
				CURRENT_PROJECT_VERSION = 1;
				DEVELOPMENT_ASSET_PATHS = "\"HelloRust/Preview Content\"";
				ENABLE_PREVIEWS = YES;
				GENERATE_INFOPLIST_FILE = YES;
				INFOPLIST_KEY_UIApplicationSceneManifest_Generation = YES;
				INFOPLIST_KEY_UIApplicationSupportsIndirectInputEvents = YES;
				INFOPLIST_KEY_UILaunchScreen_Generation = YES;
				INFOPLIST_KEY_UISupportedInterfaceOrientations_iPad = "UIInterfaceOrientationPortrait UIInterfaceOrientationPortraitUpsideDown UIInterfaceOrientationLandscapeLeft UIInterfaceOrientationLandscapeRight";
				INFOPLIST_KEY_UISupportedInterfaceOrientations_iPhone = "UIInterfaceOrientationPortrait UIInterfaceOrientationLandscapeLeft UIInterfaceOrientationLandscapeRight";
				LD_RUNPATH_SEARCH_PATHS = (
					"$(inherited)",
					"@executable_path/Frameworks",
				);
				LIBRARY_SEARCH_PATHS = "$(PROJECT_DIR)/libs";
				MARKETING_VERSION = 1.0;
				PRODUCT_BUNDLE_IDENTIFIER = xyz.dimib.HelloRust;
				PRODUCT_NAME = "$(TARGET_NAME)";
				SWIFT_EMIT_LOC_STRINGS = YES;
				SWIFT_OBJC_BRIDGING_HEADER = "HelloFromRust/HelloRust-Bridging-Header.h";
				SWIFT_OPTIMIZATION_LEVEL = "-Onone";
				SWIFT_VERSION = 5.0;
				TARGETED_DEVICE_FAMILY = "1,2";
			};
			name = Debug;
		};
		1D42F1E62B25F41E00E248DC /* Release */ = {
			isa = XCBuildConfiguration;
			buildSettings = {
				ASSETCATALOG_COMPILER_APPICON_NAME = AppIcon;
				ASSETCATALOG_COMPILER_GLOBAL_ACCENT_COLOR_NAME = AccentColor;
				CLANG_ENABLE_MODULES = YES;
				CODE_SIGN_STYLE = Automatic;
				CURRENT_PROJECT_VERSION = 1;
				DEVELOPMENT_ASSET_PATHS = "\"HelloRust/Preview Content\"";
				ENABLE_PREVIEWS = YES;
				GENERATE_INFOPLIST_FILE = YES;
				INFOPLIST_KEY_UIApplicationSceneManifest_Generation = YES;
				INFOPLIST_KEY_UIApplicationSupportsIndirectInputEvents = YES;
				INFOPLIST_KEY_UILaunchScreen_Generation = YES;
				INFOPLIST_KEY_UISupportedInterfaceOrientations_iPad = "UIInterfaceOrientationPortrait UIInterfaceOrientationPortraitUpsideDown UIInterfaceOrientationLandscapeLeft UIInterfaceOrientationLandscapeRight";
				INFOPLIST_KEY_UISupportedInterfaceOrientations_iPhone = "UIInterfaceOrientationPortrait UIInterfaceOrientationLandscapeLeft UIInterfaceOrientationLandscapeRight";
				LD_RUNPATH_SEARCH_PATHS = (
					"$(inherited)",
					"@executable_path/Frameworks",
				);
				LIBRARY_SEARCH_PATHS = "$(PROJECT_DIR)/libs";
				MARKETING_VERSION = 1.0;
				PRODUCT_BUNDLE_IDENTIFIER = xyz.dimib.HelloRust;
				PRODUCT_NAME = "$(TARGET_NAME)";
				SWIFT_EMIT_LOC_STRINGS = YES;
				SWIFT_OBJC_BRIDGING_HEADER = "HelloFromRust/HelloRust-Bridging-Header.h";
				SWIFT_VERSION = 5.0;
				TARGETED_DEVICE_FAMILY = "1,2";
			};
			name = Release;
		};
/* End XCBuildConfiguration section */

/* Begin XCConfigurationList section */
		1D42F1D12B25F41C00E248DC /* Build configuration list for PBXProject "HelloRust" */ = {
			isa = XCConfigurationList;
			buildConfigurations = (
				1D42F1E22B25F41E00E248DC /* Debug */,
				1D42F1E32B25F41E00E248DC /* Release */,
			);
			defaultConfigurationIsVisible = 0;
			defaultConfigurationName = Release;
		};
		1D42F1E42B25F41E00E248DC /* Build configuration list for PBXNativeTarget "HelloRust" */ = {
			isa = XCConfigurationList;
			buildConfigurations = (
				1D42F1E52B25F41E00E248DC /* Debug */,
				1D42F1E62B25F41E00E248DC /* Release */,
			);
			defaultConfigurationIsVisible = 0;
			defaultConfigurationName = Release;
		};
/* End XCConfigurationList section */
	};
	rootObject = 1D42F1CE2B25F41C00E248DC /* Project object */;
}
